github.com/360EntSecGroup-Skylar/excelize v1.4.1 h1:l55mJb6rkkaUzOpSsgEeKYtS6/0gHwBYyfo5Jcjv/Ks=
github.com/360EntSecGroup-Skylar/excelize v1.4.1/go.mod h1:vnax29X2usfl7HHkBrX5EvSCJcmH3dT9luvxzu8iGAE=
github.com/ChimeraCoder/anaconda v2.0.1-0.20180305151339-a1f48994eee0+incompatible h1:CzeEK27R15yhzEg4LQXBywUeQlLqK7BJ1DLgrDoK8Kg=
github.com/ChimeraCoder/anaconda v2.0.1-0.20180305151339-a1f48994eee0+incompatible/go.mod h1:TCt3MijIq3Qqo9SBtuW/rrM4x7rDfWqYWHj8T7hLcLg=
github.com/ChimeraCoder/tokenbucket v0.0.0-20131201223612-c5a927568de7 h1:r+EmXjfPosKO4wfiMLe1XQictsIlhErTufbWUsjOTZs=
github.com/ChimeraCoder/tokenbucket v0.0.0-20131201223612-c5a927568de7/go.mod h1:b2EuEMLSG9q3bZ95ql1+8oVqzzrTNSiOQqSXWFBzxeI=
github.com/Knetic/govaluate v3.0.1-0.20171022003610-9aa49832a739+incompatible h1:1G1pk05UrOh0NlF1oeaaix1x8XzrfjIDK47TY0Zehcw=
github.com/Knetic/govaluate v3.0.1-0.20171022003610-9aa49832a739+incompatible/go.mod h1:r7JcOSlj0wfOMncg0iLm8Leh48TZaKVeNIfJntJ2wa0=
github.com/PuerkitoBio/goquery v1.4.1 h1:smcIRGdYm/w7JSbcdeLHEMzxmsBQvl8lhf0dSw2nzMI=
github.com/PuerkitoBio/goquery v1.4.1/go.mod h1:T9ezsOHcCrDCgA8aF1Cqr3sSYbO/xgdy8/R/XiIMAhA=
github.com/PuerkitoBio/purell v1.1.1-0.20180310210909-975f53781597 h1:8+pMa56PPVkN6NbWGZbNIWLVIitrF8AQZ95d4UAhqmE=
github.com/PuerkitoBio/purell v1.1.1-0.20180310210909-975f53781597/go.mod h1:c11w/QuzBsJSee3cPx9rAFu61PvFxuPbtSwDGJws/X0=
github.com/PuerkitoBio/urlesc v0.0.0-20170810143723-de5bf2ad4578 h1:d+Bc7a5rLufV/sSk/8dngufqelfh6jnri85riMAaF/M=
github.com/PuerkitoBio/urlesc v0.0.0-20170810143723-de5bf2ad4578/go.mod h1:uGdkoq3SwY9Y+13GIhn11/XLaGBb4BfwItxLd5jeuXE=
github.com/Sirupsen/logrus v0.11.5-0.20170308203635-1deb2db2a6ff h1:ILzm0evcADCm90tm0+YKGO4AgSNf/5c/UcYq7KEDaJA=
github.com/Sirupsen/logrus v0.11.5-0.20170308203635-1deb2db2a6ff/go.mod h1:rmk17hk6i8ZSAJkSDa7nOxamrG+SP4P0mm+DAvExv4U=
github.com/adams-sarah/prettytest v0.0.0-20150503061827-2880862ae7f5 h1:Asp4eRWQ0c1fqnY5+sTndqAjp/LCsmOy8wozEJLaNQs=
github.com/adams-sarah/prettytest v0.0.0-20150503061827-2880862ae7f5/go.mod h1:p2ev/QMGYqQo5byMwvkLP4vnZdCJYlFHwhmCII3aj3E=
github.com/adams-sarah/test2doc v0.0.0-20170305224440-da8da9088830 h1:16mS638uyNiQ20WS2ZJbcPjbxaOm2NflhKpipz+UWfE=
github.com/adams-sarah/test2doc v0.0.0-20170305224440-da8da9088830/go.mod h1:8IxGih/WyDCpFZyIxbpfva0HWbbujM+6wxTTHpJQlX4=
github.com/agnivade/levenshtein v1.0.2 h1:xKF7WlEzoa+ZVkzBxy0ukdzI2etYiWGlTPMNTBGncKI=
github.com/agnivade/levenshtein v1.0.2/go.mod h1:JLvzGblJATanj48SD0YhHTEFGkWvw3ASLFWSiMIFXsE=
github.com/andybalholm/cascadia v1.0.0 h1:hOCXnnZ5A+3eVDX8pvgl4kofXv2ELss0bKcqRySc45o=
github.com/andybalholm/cascadia v1.0.0/go.mod h1:GsXiBklL0woXo1j/WYWtSYYC4ouU9PqHO0sqidkEA4Y=
github.com/armon/go-metrics v0.0.0-20180917152333-f0300d1749da h1:8GUt8eRujhVEGZFFEjBj46YV4rDjvGrNxb0KMWYkL2I=
github.com/armon/go-metrics v0.0.0-20180917152333-f0300d1749da/go.mod h1:Q73ZrmVTwzkszR9V5SSuryQ31EELlFMUz1kKyl939pY=
github.com/azr/backoff v0.0.0-20160115115103-53511d3c7330 h1:ekDALXAVvY/Ub1UtNta3inKQwZ/jMB/zpOtD8rAYh78=
github.com/azr/backoff v0.0.0-20160115115103-53511d3c7330/go.mod h1:nH+k0SvAt3HeiYyOlJpLLv1HG1p7KWP7qU9QPp2/pCo=
github.com/boltdb/bolt v1.3.1 h1:JQmyP4ZBrce+ZQu0dY660FMfatumYDLun9hBCUVIkF4=
github.com/boltdb/bolt v1.3.1/go.mod h1:clJnj/oiGkjum5o1McbSZDSLxVThjynRyGBgiAx27Ps=
github.com/casbin/casbin v1.3.1-0.20180129054012-5fac2fc034b5 h1:imz9D1j9tuIcAtQDG5Fvr/O+9xtZiweoazCrsSOXEPo=
github.com/casbin/casbin v1.3.1-0.20180129054012-5fac2fc034b5/go.mod h1:c67qKN6Oum3UF5Q1+BByfFxkwKvhwW57ITjqwtzR1KE=
github.com/coreos/go-oidc v0.0.0-20180117170138-065b426bd416 h1:X+JQSgXg3CcxgcBoMAqU8NoS0fch8zHxjiKWcXclxaI=
github.com/coreos/go-oidc v0.0.0-20180117170138-065b426bd416/go.mod h1:CgnwVTmzoESiwO9qyAFEMiHoZ1nMCKZlZ9V6mm3/LKc=
github.com/davecgh/go-spew v1.1.1 h1:vj9j/u1bqnvCEfJOwUhtlOARqs3+rkHYY13jYWTU97c=
github.com/davecgh/go-spew v1.1.1/go.mod h1:J7Y8YcW2NihsgmVo/mv3lAwl/skON4iLHjSsI+c5H38=
github.com/denisenkom/go-mssqldb v0.0.0-20171009203715-88555645b640 h1:KeNesXttv0qGybJqxuSxvBtvWPz+P88Ysv9cWtjjNKY=
github.com/denisenkom/go-mssqldb v0.0.0-20171009203715-88555645b640/go.mod h1:xN/JuLBIz4bjkxNmByTiV1IbhfnYb6oo99phBn4Eqhc=
github.com/dustin/go-jsonpointer v0.0.0-20160814072949-ba0abeacc3dc h1:tP7tkU+vIsEOKiK+l/NSLN4uUtkyuxc6hgYpQeCWAeI=
github.com/dustin/go-jsonpointer v0.0.0-20160814072949-ba0abeacc3dc/go.mod h1:ORH5Qp2bskd9NzSfKqAF7tKfONsEkCarTE5ESr/RVBw=
github.com/dustin/gojson v0.0.0-20160307161227-2e71ec9dd5ad h1:Qk76DOWdOp+GlyDKBAG3Klr9cn7N+LcYc82AZ2S7+cA=
github.com/dustin/gojson v0.0.0-20160307161227-2e71ec9dd5ad/go.mod h1:mPKfmRa823oBIgl2r20LeMSpTAteW5j7FLkc0vjmzyQ=
github.com/emirpasic/gods v1.9.1-0.20171013190107-8a038b010338 h1:LjQa58beB5FdqbMcjkEL20aAu5h4685/oDcM+2IN8lQ=
github.com/emirpasic/gods v1.9.1-0.20171013190107-8a038b010338/go.mod h1:YfzfFFoVP/catgzJb4IKIqXjX78Ha8FMSDh3ymbK86o=
github.com/fsnotify/fsnotify v1.4.3-0.20170329110642-4da3e2cfbabc h1:omfZI1v/Bu4YEatmRAYKISWA95u6XiN4Zorz/JPKCZA=
github.com/fsnotify/fsnotify v1.4.3-0.20170329110642-4da3e2cfbabc/go.mod h1:jwhsz4b93w/PPRr/qN1Yymfu8t87LnFCMoQvtojpjFo=
github.com/garyburd/go-oauth v0.0.0-20180319155456-bca2e7f09a17 h1:GOfMz6cRgTJ9jWV0qAezv642OhPnKEG7gtUjJSdStHE=
github.com/garyburd/go-oauth v0.0.0-20180319155456-bca2e7f09a17/go.mod h1:HfkOCN6fkKKaPSAeNq/er3xObxTW4VLeY6UUK895gLQ=
github.com/gin-contrib/sse v0.0.0-20170109093832-22d885f9ecc7 h1:AzN37oI0cOS+cougNAV9szl6CVoj2RYwzS3DpUQNtlY=
github.com/gin-contrib/sse v0.0.0-20170109093832-22d885f9ecc7/go.mod h1:VJ0WA2NBN22VlZ2dKZQPAPnyWw5XTlK1KymzLKsr59s=
github.com/gin-gonic/gin v1.1.5-0.20171102134854-76ad15ab32d0 h1:AC49ki26KTfmTUhC9QGrNYLbP24f9rALtE4idlfcHmU=
github.com/gin-gonic/gin v1.1.5-0.20171102134854-76ad15ab32d0/go.mod h1:7cKuhb5qV2ggCFctp2fJQ+ErvciLZrIeoOSOm6mUr7Y=
github.com/go-sql-driver/mysql v1.3.1-0.20171117115124-cd4cb909ce1a h1:YAdBq5EajwV0PnGDNcoeKQvkQ5ukmuX0OhThtqfbgi8=
github.com/go-sql-driver/mysql v1.3.1-0.20171117115124-cd4cb909ce1a/go.mod h1:zAC/RDZ24gD3HViQzih4MyKcchzm+sOG5ZlKdlhCg5w=
github.com/gogo/protobuf v0.0.0-20171123125729-971cbfd2e72b h1:9pWlytbUHf1Oz1gJGJMNt325N5hzLeW/Mik1lQbjN9M=
github.com/gogo/protobuf v0.0.0-20171123125729-971cbfd2e72b/go.mod h1:r8qH/GZQm5c6nD/R0oafs1akxWv10x8SbQlK7atdtwQ=
github.com/golang/protobuf v1.2.0 h1:P3YflyNX/ehuJFLhxviNdFxQPkGK5cDcApsge1SqnvM=
github.com/golang/protobuf v1.2.0/go.mod h1:6lQm79b+lXiMfvg/cZm0SGofjICqVBUtrP5yJMmIC1U=
github.com/google/go-querystring v0.0.0-20170111101155-53e6ce116135 h1:zLTLjkaOFEFIOxY5BWLFLwh+cL8vOBW4XJ2aqLE/Tf0=
github.com/google/go-querystring v0.0.0-20170111101155-53e6ce116135/go.mod h1:odCYkC5MyYFN7vkCjXpyrEuKhc/BUO6wN/zVPAxq5ck=
github.com/google/gofuzz v1.2.0 h1:xRy4A+RhZaiKjJ1bPfwQ8sedCA+YS2YcCHW6ec7JMi0=
github.com/google/gofuzz v1.2.0/go.mod h1:dBl0BpW6vV/+mYPU4Po3pmUjxk6FQPldtuIdl/M65Eg=
github.com/hashicorp/go-immutable-radix v1.0.0 h1:AKDB1HM5PWEA7i4nhcpwOrO2byshxBjXVn/J/3+z5/0=
github.com/hashicorp/go-immutable-radix v1.0.0/go.mod h1:0y9vanUI8NX6FsYoO3zeMjhV/C5i9g4Q3DwcSNZ4P60=
github.com/hashicorp/go-msgpack v0.0.0-20150518234257-fa3f63826f7c h1:BTAbnbegUIMB6xmQCwWE8yRzbA4XSpnZY5hvRJC188I=
github.com/hashicorp/go-msgpack v0.0.0-20150518234257-fa3f63826f7c/go.mod h1:ahLV/dePpqEmjfWmKiqvPkv/twdG7iPBM1vqhUKIvfM=
github.com/hashicorp/go-uuid v1.0.0 h1:RS8zrF7PhGwyNPOtxSClXXj9HA8feRnJzgnI1RJCSnM=
github.com/hashicorp/go-uuid v1.0.0/go.mod h1:6SBZvOh/SIDV7/2o3Jml5SYk/TvGqwFJ/bN7x4byOro=
github.com/hashicorp/golang-lru v0.5.0 h1:CL2msUPvZTLb5O648aiLNJw3hnBxN2+1Jq8rCOH9wdo=
github.com/hashicorp/golang-lru v0.5.0/go.mod h1:/m3WP610KZHVQ1SGc6re/UDhFvYD7pJ4Ao+sR/qLZy8=
github.com/hashicorp/hcl v0.0.0-20170509225359-392dba7d905e h1:KJWs1uTCkN3E/J5ofCH9Pf8KKsibTFc3fv0CA9+WsVo=
github.com/hashicorp/hcl v0.0.0-20170509225359-392dba7d905e/go.mod h1:oZtUIOe8dh44I2q6ScRibXws4Ajl+d+nod3AaR9vL5w=
github.com/hashicorp/raft v1.0.0 h1:htBVktAOtGs4Le5Z7K8SF5H2+oWsQFYVmOgH5loro7Y=
github.com/hashicorp/raft v1.0.0/go.mod h1:DVSAWItjLjTOkVbSpWQ0j0kUADIvDaCtBxIcbNAQLkI=
github.com/inconshreveable/mousetrap v1.0.0 h1:Z8tu5sraLXCXIcARxBp/8cbvlwVa7Z1NHg9XEKhtSvM=
github.com/inconshreveable/mousetrap v1.0.0/go.mod h1:PxqpIevigyE2G7u3NXJIT2ANytuPF1OarO4DADm73n8=
github.com/josharian/intern v1.0.0 h1:vlS4z54oSdjm0bgjRigI+G1HpF+tI+9rE5LLzOg8HmY=
github.com/josharian/intern v1.0.0/go.mod h1:5DoeVV0s6jJacbCEi61lwdGj/aVlrQvzHFFd8Hwg//Y=
github.com/json-iterator/go v0.0.0-20171031144702-aed5a81f0933 h1:RrZ+oM5cpqA1/CV9GFaTUk1Qw064twR1EMd40eRjqXk=
github.com/json-iterator/go v0.0.0-20171031144702-aed5a81f0933/go.mod h1:+SdeFBvtyEkXs7REEP0seUULqWtbJapLOCVDaaPEHmU=
github.com/kat-co/vala v0.0.0-20170210184112-42e1d8b61f12 h1:DQVOxR9qdYEybJUr/c7ku34r3PfajaMYXZwgDM7KuSk=
github.com/kat-co/vala v0.0.0-20170210184112-42e1d8b61f12/go.mod h1:u9MdXq/QageOOSGp7qG4XAQsYUMP+V5zEel/Vrl6OOc=
github.com/kr/pretty v0.2.1 h1:Fmg33tUaq4/8ym9TJN1x7sLJnHVwhP33CNkpYV/7rwI=
github.com/kr/pretty v0.2.1/go.mod h1:ipq/a2n7PKx3OHsz4KJII5eveXtPO4qwEXGdVfWzfnI=
github.com/kr/pty v1.1.1/go.mod h1:pFQYn66WHrOpPYNljwOMqo10TkYh1fy3cYio2l3bCsQ=
github.com/kr/text v0.1.0 h1:45sCR5RtlFHMR4UwH9sdQ5TC8v0qDQCHnXt+kaKSTVE=
github.com/kr/text v0.1.0/go.mod h1:4Jbv+DJW3UT/LiOwJeYQe1efqtUx/iVham/4vfdArNI=
github.com/lib/pq v0.0.0-20170603225454-8837942c3e09 h1:Du8GbB9tRExpAtRRdKUY3+1Kjj8Xh86GwBAppQ6DyD0=
github.com/lib/pq v0.0.0-20170603225454-8837942c3e09/go.mod h1:5WUZQaWbwv1U+lTReE5YruASi9Al49XbQIvNi/34Woo=
github.com/lib/pq v1.10.4 h1:SO9z7FRPzA03QhHKJrH5BXA6HU1rS4V2nIVrrNC1iYk=
github.com/lib/pq v1.10.4/go.mod h1:AlVN5x4E4T544tWzH6hKfbfQvm3HdbOxrmggDNAPY9o=
github.com/magiconair/properties v1.7.3-0.20170321093039-51463bfca257 h1:3yOsKT5ZY2youlG6kK27iTmJt/VnOU2YKJHrD4S+0y8=
github.com/magiconair/properties v1.7.3-0.20170321093039-51463bfca257/go.mod h1:PppfXfuXeibc/6YijjN8zIbojt8czPbwD3XqdrwzmxQ=
github.com/mailru/easyjson v0.7.7 h1:UGYAvKxe3sBsEDzO8ZeWOSlIQfWFlxbzLZe7hwFURr0=
github.com/mailru/easyjson v0.7.7/go.mod h1:xzfreul335JAWq5oZzymOObrkdz5UnU4kGfJJLY9Nlc=
github.com/mattn/go-isatty v0.0.4-0.20170925054904-a5cdd64afdee h1:L08yktFTj+MmaCAZBZKAU4EyW4hEDji2dPxLYJozx1s=
github.com/mattn/go-isatty v0.0.4-0.20170925054904-a5cdd64afdee/go.mod h1:M+lRXTBqGeGNdLjl/ufCoiOlB5xdOkqRJdNxMWT7Zi4=
github.com/mattn/go-runewidth v0.0.3 h1:a+kO+98RDGEfo6asOGMmpodZq4FNtnGP54yps8BzLR4=
github.com/mattn/go-runewidth v0.0.3/go.mod h1:LwmH8dsx7+W8Uxz3IHJYH5QSwggIsqBzpuz5H//U1FU=
github.com/mitchellh/mapstructure v0.0.0-20170523030023-d0303fe80992 h1:W7VHAEVflA5/eTyRvQ53Lz5j8bhRd1myHZlI/IZFvbU=
github.com/mitchellh/mapstructure v0.0.0-20170523030023-d0303fe80992/go.mod h1:FVVH3fgwuzCH5S8UJGiWEs2h04kUh9fWfEaFds41c1Y=
github.com/mohae/deepcopy v0.0.0-20170929034955-c48cc78d4826 h1:RWengNIwukTxcDr9M+97sNutRR1RKhG96O6jWumTTnw=
github.com/mohae/deepcopy v0.0.0-20170929034955-c48cc78d4826/go.mod h1:TaXosZuwdSHYgviHp1DAtfrULt5eUgsSMsZf+YrPgl8=
github.com/nats-io/gnatsd v1.3.0 h1:+5d80klu3QaJgNbdavVBjWJP7cHd11U2CLnRTFM9ICI=
github.com/nats-io/gnatsd v1.3.0/go.mod h1:nqco77VO78hLCJpIcVfygDP2rPGfsEHkGTUk94uh5DQ=
github.com/nats-io/go-nats v1.7.0 h1:oQOfHcLr8hb43QG8yeVyY2jtarIaTjOv41CGdF3tTvQ=
github.com/nats-io/go-nats v1.7.0/go.mod h1:+t7RHT5ApZebkrQdnn6AhQJmhJJiKAvJUio1PiiCtj0=
github.com/nats-io/go-nats-streaming v0.4.0 h1:00wOBnTKzZGvQOFRSxj18kUm4X2TvXzv8LS0skZegPc=
github.com/nats-io/go-nats-streaming v0.4.0/go.mod h1:gfq4R3c9sKAINOpelo0gn/b9QDMBZnmrttcsNF+lqyo=
github.com/nats-io/nats-streaming-server v0.11.2 h1:UCqZbfXUKs9Ejw7KiNaFZEbbiVbK7uA8jbK2TsdGbqg=
github.com/nats-io/nats-streaming-server v0.11.2/go.mod h1:RyqtDJZvMZO66YmyjIYdIvS69zu/wDAkyNWa8PIUa5c=
github.com/nats-io/nkeys v0.0.2 h1:+qM7QpgXnvDDixitZtQUBDY9w/s9mu1ghS+JIbsrx6M=
github.com/nats-io/nkeys v0.0.2/go.mod h1:dab7URMsZm6Z/jp9Z5UGa87Uutgc2mVpXLC4B7TDb/4=
github.com/nats-io/nuid v1.0.1-0.20171025203129-33c603157d6f h1:lnj3vkpwVeTxCNioQIUpXRSXNDnIa42EcNwl0uKqNjk=
github.com/nats-io/nuid v1.0.1-0.20171025203129-33c603157d6f/go.mod h1:19wcPz3Ph3q0Jbyiqsd0kePYG7A95tJPxeL+1OSON2c=
github.com/oklog/ulid v0.3.1-0.20171113214249-eb55c82d96c7 h1:GzI4QJiXbv+VBJsHoH76FSaFGUG5rV+IA2GYzDytcB8=
github.com/oklog/ulid v0.3.1-0.20171113214249-eb55c82d96c7/go.mod h1:CirwcVhetQ6Lv90oh/F+FBtV6XMibvdAFo93nm5qn4U=
github.com/olekukonko/tablewriter v0.0.0-20180506121414-d4647c9c7a84 h1:fiKJgB4JDUd43CApkmCeTSQlWjtTtABrU2qsgbuP0BI=
github.com/olekukonko/tablewriter v0.0.0-20180506121414-d4647c9c7a84/go.mod h1:vsDQFd/mU46D+Z4whnwzcISnGGzXWMclvtLoiIKAKIo=
github.com/pascaldekloe/goe v0.1.0 h1:cBOtyMzM9HTpWjXfbbunk26uA6nG3a8n06Wieeh0MwY=
github.com/pascaldekloe/goe v0.1.0/go.mod h1:lzWF7FIEvWOWxwDKqyGYQf6ZUaNfKdP144TG7ZOy1lc=
github.com/pelletier/go-buffruneio v0.2.0 h1:U4t4R6YkofJ5xHm3dJzuRpPZ0mr5MMCoAWooScCR7aA=
github.com/pelletier/go-buffruneio v0.2.0/go.mod h1:JkE26KsDizTr40EUHkXVtNPvgGtbSNq5BcowyYOWdKo=
github.com/pelletier/go-toml v1.0.1-0.20170602065532-fe7536c3dee2 h1:PJxcZ3UWC3+6BqQzdF02D/Evm1/fpkX32uHm7HpdYEY=
github.com/pelletier/go-toml v1.0.1-0.20170602065532-fe7536c3dee2/go.mod h1:5z9KED0ma1S8pY6P1sdut58dfprrGBbd/94hg7ilaic=
github.com/philhofer/fwd v1.1.1 h1:GdGcTjf5RNAxwS4QLsiMzJYj5KEvPJD3Abr261yRQXQ=
github.com/philhofer/fwd v1.1.1/go.mod h1:gk3iGcWd9+svBvR0sR+KPcfE+RNWozjowpeBVG3ZVNU=
github.com/pkg/errors v0.8.1 h1:iURUrRGxPUNPdy5/HRSm+Yj6okJ6UtLINN0Q9M4+h3I=
github.com/pkg/errors v0.8.1/go.mod h1:bwawxfHBFNV+L2hUp1rHADufV3IMtnDRdf1r5NINEl0=
github.com/pmezard/go-difflib v1.0.0 h1:4DBwDE0NGyQoBHbLQYPwSUPoCMWR5BEzIk/f1lZbAQM=
github.com/pmezard/go-difflib v1.0.0/go.mod h1:iKH77koFhYxTK1pcRnkKkqfTogsbg7gZNVY4sRDYZ/4=
github.com/pquerna/cachecontrol v0.0.0-20171018203845-0dec1b30a021 h1:0XM1XL/OFFJjXsYXlG30spTkV/E9+gmd5GD1w2HE8xM=
github.com/pquerna/cachecontrol v0.0.0-20171018203845-0dec1b30a021/go.mod h1:prYjPmNq4d1NPVmpShWobRqXY3q7Vp+80DqgxxUrUIA=
github.com/pquerna/ffjson v0.0.0-20190930134022-aa0246cd15f7 h1:xoIK0ctDddBMnc74udxJYBqlo9Ylnsp1waqjLsnef20=
github.com/pquerna/ffjson v0.0.0-20190930134022-aa0246cd15f7/go.mod h1:YARuvh7BUWHNhzDq2OM5tzR2RiCcN2D7sapiKyCel/M=
github.com/robbiet480/go-wordpress v0.0.0-20180206201500-3b8369ffcef3 h1:OZzayZsZdgPKkpHZ7G1jh7GZZJlBYDrypSGoXIPlr7Y=
github.com/robbiet480/go-wordpress v0.0.0-20180206201500-3b8369ffcef3/go.mod h1:XHKUdP/JNBqJwxmWLNhk/R+ZzYk9nnFcK8Nnxx8tMhQ=
github.com/satori/go.uuid v1.1.1-0.20160927100844-b061729afc07 h1:0OTA2rHAnTd0zaCoNmm7Mu0QYd5IoRIMfTILRPeu8mo=
github.com/satori/go.uuid v1.1.1-0.20160927100844-b061729afc07/go.mod h1:dA0hQrYB0VpLJoorglMZABFdXlWrHn1NEOzdhQKdks0=
github.com/spf13/afero v0.0.0-20170217164146-9be650865eab h1:IVAbBHQR8rXL2Fc8Zba/lMF7KOnTi70lqdx91UTuAwQ=
github.com/spf13/afero v0.0.0-20170217164146-9be650865eab/go.mod h1:j4pytiNVoe2o6bmDsKpLACNPDBIoEAkihy7loJ1B0CQ=
github.com/spf13/cast v1.1.0 h1:0Rhw4d6C8J9VPu6cjZLIhZ8+aAOHcDvGeKn+cq5Aq3k=
github.com/spf13/cast v1.1.0/go.mod h1:r2rcYCSwa1IExKTDiTfzaxqT2FNHs8hODu4LnUfgKEg=
github.com/spf13/cobra v0.0.0-20170619210529-99b5d838ca16 h1:JLqZ5+uAvr/jXTUPgiWXypedRG/3JSFyb6ztY/OzKlk=
github.com/spf13/cobra v0.0.0-20170619210529-99b5d838ca16/go.mod h1:1l0Ry5zgKvJasoi3XT1TypsSe7PqH0Sj9dhYf7v3XqQ=
github.com/spf13/jwalterweatherman v0.0.0-20170523133247-0efa5202c046 h1:RpxSq53NruItMGgp6q5MsDYoZynisJgEpisQdWJ7PyM=
github.com/spf13/jwalterweatherman v0.0.0-20170523133247-0efa5202c046/go.mod h1:cQK4TGJAtQXfYWX+Ddv3mKDzgVb68N+wFjFa4jdeBTo=
github.com/spf13/pflag v1.0.0 h1:oaPbdDe/x0UncahuwiPxW1GYJyilRAdsPnq3e1yaPcI=
github.com/spf13/pflag v1.0.0/go.mod h1:DYY7MBk1bdzusC3SYhjObp+wFpr4gzcvqqNjLnInEg4=
github.com/spf13/viper v0.0.0-20170619124313-c1de95864d73 h1:qJXvCTq/ZNWp7kk3MGbyDByJaCWFLT7uXIbksXFxITQ=
github.com/spf13/viper v0.0.0-20170619124313-c1de95864d73/go.mod h1:A8kyI5cUJhb8N+3pkfONlcEcZbueH6nhAm0Fq7SrnBM=
github.com/ssor/bom v0.0.0-20170718123548-6386211fdfcf h1:pvbZ0lM0XWPBqUKqFU8cmavspvIl9nulOYwdy6IFRRo=
github.com/ssor/bom v0.0.0-20170718123548-6386211fdfcf/go.mod h1:RJID2RhlZKId02nZ62WenDCkgHFerpIOmW0iT7GKmXM=
github.com/stretchr/objx v0.0.0-20150928122152-1a9d0bb9f541 h1:nvL7eaZN/Zw5emVOGaOclbLMeFO030UrPtWFTUS0p80=
github.com/stretchr/objx v0.0.0-20150928122152-1a9d0bb9f541/go.mod h1:HFkY916IF+rwdDfMAkV7OtwuqBVzrE8GR6GFx+wExME=
github.com/stretchr/testify v1.2.3-0.20181224173747-660f15d67dbb h1:cRItZejS4Ok67vfCdrbGIaqk86wmtQNOjVD7jSyS2aw=
github.com/stretchr/testify v1.2.3-0.20181224173747-660f15d67dbb/go.mod h1:a8OnRcib4nhh0OaRAV+Yts87kKdq0PP7pXfy6kDkUVs=
github.com/stvp/rollbar v0.4.1-0.20160527211111-3eb4713e2655 h1:25rm3K9T9OIoyl3pRmQK1O9iWWvhNs+FAif3zpkjFvI=
github.com/stvp/rollbar v0.4.1-0.20160527211111-3eb4713e2655/go.mod h1:/fyFC854GgkbHRz/rSsiYc6h84o0G5hxBezoQqRK7Ho=
github.com/tinylib/msgp v1.1.6 h1:i+SbKraHhnrf9M5MYmvQhFnbLhAXSDWF8WWsuyRdocw=
github.com/tinylib/msgp v1.1.6/go.mod h1:75BAfg2hauQhs3qedfdDZmWAPcFMAvJE5b9rGOMufyw=
github.com/tomnomnom/linkheader v0.0.0-20170505194411-6c03f819bd09 h1:86q9XG2DvD7H1w5Dmahrr8PcU6hpVppWNvi3gnN/+iA=
github.com/tomnomnom/linkheader v0.0.0-20170505194411-6c03f819bd09/go.mod h1:iFyPdL66DjUD96XmzVL3ZntbzcflLnznH0fr99w5VqE=
github.com/ugorji/go v0.0.0-20171101021841-50189f05eaf5 h1:NXv3H6WQuUnEJCWvqm+8TLn8Hds/6lQHhLXC8EZAQQY=
github.com/ugorji/go v0.0.0-20171101021841-50189f05eaf5/go.mod h1:hnLbHMwcvSihnDhEfx2/BzKp2xb0Y+ErdfYcrs9tkJQ=
github.com/volatiletech/inflect v0.0.0-20170731032912-e7201282ae8d h1:gI4/tqP6lCY5k6Sg+4k9qSoBXmPwG+xXgMpK7jivD4M=
github.com/volatiletech/inflect v0.0.0-20170731032912-e7201282ae8d/go.mod h1:jspfvgf53t5NLUT4o9L1IX0kIBNKamGq1tWc/MgWK9Q=
github.com/volatiletech/sqlboiler v2.6.0+incompatible h1:G9Yvrn6+MOLPhLWqkSdiagymiELQSscC9qMkbYt46oQ=
github.com/volatiletech/sqlboiler v2.6.0+incompatible/go.mod h1:jLfDkkHWPbS2cWRLkyC20vQWaIQsASEY7gM7zSo11Yw=
github.com/yuin/goldmark v1.2.1/go.mod h1:3hX8gzYuyVAZsxl0MRgGTJEmQBFcNTphYh9decYSb74=
golang.org/x/crypto v0.0.0-20181203042331-505ab145d0a9/go.mod h1:6SG95UA2DQfeDnfUPMdvaQW0Q7yPrPDi9nlGo2tz2b4=
golang.org/x/crypto v0.0.0-20190308221718-c2843e01d9a2/go.mod h1:djNgcEr1/C05ACkg1iLfiJU5Ep61QUkGW8qpdssI0+w=
golang.org/x/crypto v0.0.0-20191011191535-87dc89f01550/go.mod h1:yigFU9vqHzYiE8UmvKecakEJjdnWj3jj499lnFckfCI=
golang.org/x/crypto v0.0.0-20200622213623-75b288015ac9 h1:psW17arqaxU48Z5kZ0CQnkZWQJsqcURM6tKiBApRjXI=
golang.org/x/crypto v0.0.0-20200622213623-75b288015ac9/go.mod h1:LzIPMQfyMNhhGPhUkYOs5KpL4U8rLKemX1yGLhDgUto=
golang.org/x/mod v0.3.0/go.mod h1:s0Qsj1ACt9ePp/hMypM3fl4fZqREWJwdYDEqhRiZZUA=
golang.org/x/net v0.0.0-20180218175443-cbe0f9307d01/go.mod h1:mL1N/T3taQHkDXs73rZJwtUhF3w3ftmwwsq0BUmARs4=
golang.org/x/net v0.0.0-20180724234803-3673e40ba225/go.mod h1:mL1N/T3taQHkDXs73rZJwtUhF3w3ftmwwsq0BUmARs4=
golang.org/x/net v0.0.0-20190404232315-eb5bcb51f2a3/go.mod h1:t9HGtf8HONx5eT2rtn7q6eTqICYqUVnKs3thJo3Qplg=
golang.org/x/net v0.0.0-20190620200207-3b0461eec859/go.mod h1:z5CRVTTTmAJ677TzLLGU+0bjPO0LkuOLi4/5GtJWs/s=
golang.org/x/net v0.0.0-20201021035429-f5854403a974 h1:IX6qOQeG5uLjB/hjjwjedwfjND0hgjPMMyO1RoIXQNI=
golang.org/x/net v0.0.0-20201021035429-f5854403a974/go.mod h1:sp8m0HH+o8qH0wwXwYZr8TS3Oi6o0r6Gce1SSxlDquU=
golang.org/x/oauth2 v0.0.0-20180126164932-a032972e2806 h1:KZrxuLRRjPt8IU4XrMl45WQaER+p8WGu9cN8EekYVzM=
golang.org/x/oauth2 v0.0.0-20180126164932-a032972e2806/go.mod h1:N/0e6XlmueqKjAGxoOufVs8QHGRruUQn6yWY3a++T0U=
golang.org/x/sync v0.0.0-20190423024810-112230192c58/go.mod h1:RxMgew5VJxzue5/jJTE5uejpjVlOe/izrB70Jof72aM=
golang.org/x/sync v0.0.0-20201020160332-67f06af15bc9/go.mod h1:RxMgew5VJxzue5/jJTE5uejpjVlOe/izrB70Jof72aM=
golang.org/x/sync v0.0.0-20210220032951-036812b2e83c h1:5KslGYwFpkhGh+Q16bwMP3cOontH8FOep7tGV86Y7SQ=
golang.org/x/sync v0.0.0-20210220032951-036812b2e83c/go.mod h1:RxMgew5VJxzue5/jJTE5uejpjVlOe/izrB70Jof72aM=
golang.org/x/sys v0.0.0-20190215142949-d0b11bdaac8a/go.mod h1:STP8DvDyc/dI5b8T5hshtkjS+E42TnysNCUPdjciGhY=
golang.org/x/sys v0.0.0-20190412213103-97732733099d/go.mod h1:h1NjWce9XRLGQEsW7wpKNCjG9DtNlClVuFLEZdDNbEs=
golang.org/x/sys v0.0.0-20200930185726-fdedc70b468f h1:+Nyd8tzPX9R7BWHguqsrbFdRx3WQ/1ib8I44HXV5yTA=
golang.org/x/sys v0.0.0-20200930185726-fdedc70b468f/go.mod h1:h1NjWce9XRLGQEsW7wpKNCjG9DtNlClVuFLEZdDNbEs=
golang.org/x/text v0.3.0/go.mod h1:NqM8EUOU14njkJ3fqMW+pc6Ldnwhi/IjpwHt7yyuwOQ=
golang.org/x/text v0.3.3 h1:cokOdA+Jmi5PJGXLlLllQSgYigAEfHXJAERHVMaCc2k=
golang.org/x/text v0.3.3/go.mod h1:5Zoc/QRtKVWzQhOtBMvqHzDpF6irO9z98xDceosuGiQ=
golang.org/x/tools v0.0.0-20180917221912-90fa682c2a6e/go.mod h1:n7NCudcB/nEzxVGmLbDWY5pfWTLqBcC2KZ6jyYvM4mQ=
golang.org/x/tools v0.0.0-20191119224855-298f0cb1881e/go.mod h1:b+2E5dAYhXwXZwtnZ6UAqBI28+e2cm9otk0dWdXHAEo=
golang.org/x/tools v0.0.0-20201022035929-9cf592e881e9/go.mod h1:emZCQorbCU4vsT4fOWvOPXz4eW1wZW4PmDk9uLelYpA=
golang.org/x/xerrors v0.0.0-20190717185122-a985d3407aa7/go.mod h1:I/5z698sn9Ka8TeJc9MKroUUfqBBauWjQqLJ2OPfmY0=
golang.org/x/xerrors v0.0.0-20191011141410-1b5146add898/go.mod h1:I/5z698sn9Ka8TeJc9MKroUUfqBBauWjQqLJ2OPfmY0=
golang.org/x/xerrors v0.0.0-20200804184101-5ec99f83aff1/go.mod h1:I/5z698sn9Ka8TeJc9MKroUUfqBBauWjQqLJ2OPfmY0=
google.golang.org/appengine v1.3.0 h1:FBSsiFRMz3LBeXIomRnVzrQwSDj4ibvcRexLG0LZGQk=
google.golang.org/appengine v1.3.0/go.mod h1:xpcJRLb0r/rnEns0DIKYYv+WjYCduHsrkT7/EB5XEv4=
gopkg.in/DATA-DOG/go-sqlmock.v1 v1.3.0 h1:FVCohIoYO7IJoDDVpV2pdq7SgrMH6wHnuTyrdrxJNoY=
gopkg.in/DATA-DOG/go-sqlmock.v1 v1.3.0/go.mod h1:OdE7CF6DbADk7lN8LIKRzRJTTZXIjtWgA5THM5lhBAw=
gopkg.in/check.v1 v1.0.0-20201130134442-10cb98267c6c h1:Hei/4ADfdWqJk1ZMxUNpqntNwaWcugrBjAiHlqqRiVk=
gopkg.in/check.v1 v1.0.0-20201130134442-10cb98267c6c/go.mod h1:JHkPIbrfpd72SG/EVd6muEfDQjcINNoR0C8j2r3qZ4Q=
gopkg.in/gin-contrib/cors.v1 v1.0.0-20161109062726-fb918bcd825b h1:tMBTVWIJe7oW0A8o7zbYtG5H+vWTd55+ZahYopyifpo=
gopkg.in/gin-contrib/cors.v1 v1.0.0-20161109062726-fb918bcd825b/go.mod h1:WNNqtZpyoJM1oJrh6efN7u6jd0EZYwjXlubLsIQUZRU=
gopkg.in/gin-gonic/gin.v1 v1.1.5-0.20170702092826-d459835d2b07 h1:xditn5+9QdyB5pC9oz4QzEflRMQqfEwcV2z5ZxZ3jJs=
gopkg.in/gin-gonic/gin.v1 v1.1.5-0.20170702092826-d459835d2b07/go.mod h1:Eljh74A/zAvUOQ835v6ySeZ+5gQG6tKjbZTaZ9iWU3A=
gopkg.in/go-playground/assert.v1 v1.2.1 h1:xoYuJVE7KT85PYWrN730RguIQO0ePzVRfFMXadIrXTM=
gopkg.in/go-playground/assert.v1 v1.2.1/go.mod h1:9RXL0bg/zibRAgZUYszZSwO/z8Y/a8bDuhia5mkpMnE=
gopkg.in/go-playground/validator.v8 v8.18.2 h1:lFB4DoMU6B626w8ny76MV7VX6W2VHct2GVOI3xgiMrQ=
gopkg.in/go-playground/validator.v8 v8.18.2/go.mod h1:RX2a/7Ha8BgOhfk7j780h4/u/RRjR0eouCJSH80/M2Y=
gopkg.in/square/go-jose.v2 v2.1.3 h1:/FoFBTvlJN6MTTVCe9plTOG+YydzkjvDGxiSPzIyoDM=
gopkg.in/square/go-jose.v2 v2.1.3/go.mod h1:M9dMgbHiYLoDGQrXy7OpJDJWiKiU//h+vD76mk0e1AI=
gopkg.in/vmihailenco/msgpack.v2 v2.9.2 h1:gjPqo9orRVlSAH/065qw3MsFCDpH7fa1KpiizXyllY4=
gopkg.in/vmihailenco/msgpack.v2 v2.9.2/go.mod h1:/3Dn1Npt9+MYyLpYYXjInO/5jvMLamn+AEGwNEOatn8=
gopkg.in/volatiletech/null.v6 v6.0.0-20170828023728-0bef4e07ae1b h1:P+3+n9hUbqSDkSdtusWHVPQRrpRpLiLFzlZ02xXskM0=
gopkg.in/volatiletech/null.v6 v6.0.0-20170828023728-0bef4e07ae1b/go.mod h1:0LRKfykySnChgQpG3Qpk+bkZFWazQ+MMfc5oldQCwnY=
gopkg.in/yaml.v2 v2.0.0-20170812160011-eb3733d160e7 h1:+t9dhfO+GNOIGJof6kPOAenx7YgrZMTdRPV+EsnPabk=
gopkg.in/yaml.v2 v2.0.0-20170812160011-eb3733d160e7/go.mod h1:JAlM8MvJe8wmxCU4Bli9HhUf9+ttbYbLASfIpnQbh74=
jaytaylor.com/html2text v0.0.0-20180606194806-57d518f124b0 h1:1bERMnaJM1amLlUKkKdaXTHNFEpZAFO0sX+D/MZmcmY=
jaytaylor.com/html2text v0.0.0-20180606194806-57d518f124b0/go.mod h1:OxvTsCwKosqQ1q7B+8FwXqg4rKZ/UG9dUW+g/VL2xH4=
labix.org/v2/mgo v0.0.0-20140701140051-000000000287 h1:L0cnkNl4TfAXzvdrqsYEmxOHOCv2p5I3taaReO8BWFs=
labix.org/v2/mgo v0.0.0-20140701140051-000000000287/go.mod h1:Lg7AYkt1uXJoR9oeSZ3W/8IXLdvOfIITgZnommstyz4=
