# This file is autogenerated, do not edit; changes may be undone by the next 'dep ensure'.


[[projects]]
  digest = "1:fc894c6c55d06771db751a0f3946a37b3cb6a8703bee3b7146f9db7c08d6196d"
  name = "github.com/360EntSecGroup-Skylar/excelize"
  packages = ["."]
  pruneopts = "UT"
  revision = "dea7ba0ec43a4c29a6642d02b6edc73b8b0369f0"
  version = "v1.4.1"

[[projects]]
  digest = "1:6ced43623bff391cfae02d432d89aa25009f253dd1d939ee11a60e24f5d4d0d9"
  name = "github.com/ChimeraCoder/anaconda"
  packages = ["."]
  pruneopts = "UT"
  revision = "a1f48994eee061428eadcac94cf5fe98dbab0967"

[[projects]]
  branch = "master"
  digest = "1:088fd1efa8fcd4f85c3e3c0d135f28114115517a2b215f2e39b67146d032ea33"
  name = "github.com/ChimeraCoder/tokenbucket"
  packages = ["."]
  pruneopts = "UT"
  revision = "c5a927568de7aad8a58127d80bcd36ca4e71e454"

[[projects]]
  branch = "master"
  digest = "1:dc648facc1e7aac5086f749c84c9b9263345c08161fadd9cf92ae3309c9fcaa6"
  name = "github.com/Knetic/govaluate"
  packages = ["."]
  pruneopts = "UT"
  revision = "9aa49832a739dcd78a5542ff189fb82c3e423116"

[[projects]]
  digest = "1:a62f6ed230a8cd138a9efbe718e7d0b0294f139266f5f55cd942769a9aac8de2"
  name = "github.com/PuerkitoBio/goquery"
  packages = ["."]
  pruneopts = "UT"
  revision = "dc2ec5c7ca4d9aae063b79b9f581dd3ea6afd2b2"
  version = "v1.4.1"

[[projects]]
  branch = "master"
  digest = "1:9a7c700c28c5e39efd8da890139d8967832657f85f6d1f5530fc6fc851c841c4"
  name = "github.com/PuerkitoBio/purell"
  packages = ["."]
  pruneopts = "UT"
  revision = "975f53781597ed779763b7b65566e74c4004d8de"

[[projects]]
  branch = "master"
  digest = "1:c739832d67eb1e9cc478a19cc1a1ccd78df0397bf8a32978b759152e205f644b"
  name = "github.com/PuerkitoBio/urlesc"
  packages = ["."]
  pruneopts = "UT"
  revision = "de5bf2ad457846296e2031421a34e2568e304e35"

[[projects]]
  digest = "1:e89ce6ee527e696ff8c545c5ee18d8156ccaaa1b57b6cfb29f7a4ec0ef12dd40"
  name = "github.com/Sirupsen/logrus"
  packages = ["."]
  pruneopts = "UT"
  revision = "1deb2db2a6fff8a35532079061b903c3a25eed52"

[[projects]]
  digest = "1:7f049dc988360b6e18531531e86c3d5935a0d5d2b9c40165a279ff9a51f58df0"
  name = "github.com/adams-sarah/test2doc"
  packages = [
    "doc",
    "doc/parse",
    "test",
  ]
  pruneopts = "UT"
  revision = "da8da908883066abea518609b80da5a0031071cb"

[[projects]]
  digest = "1:786e862ec180708b60ee670723e3edd969fd4309e7b1c315cd7de058ac62a011"
  name = "github.com/agnivade/levenshtein"
  packages = ["."]
  pruneopts = "UT"
  revision = "51b298ff305e72cfd29166dccc3f9878e82f9fdc"
  version = "v1.0.2"

[[projects]]
  digest = "1:66b3310cf22cdc96c35ef84ede4f7b9b370971c4025f394c89a2638729653b11"
  name = "github.com/andybalholm/cascadia"
  packages = ["."]
  pruneopts = "UT"
  revision = "901648c87902174f774fac311d7f176f8647bdaa"
  version = "v1.0.0"

[[projects]]
  branch = "master"
  digest = "1:ef5b0622d834c139454148b8fd0c92bb314828900532b267ae62da9fec109866"
  name = "github.com/armon/go-metrics"
  packages = ["."]
  pruneopts = "UT"
  revision = "f0300d1749da6fa982027e449ec0c7a145510c3c"

[[projects]]
  branch = "master"
  digest = "1:863cb3d06b96794fd14a54579116b7e704cd8bc395e9d0404a5ad236d3e198b4"
  name = "github.com/azr/backoff"
  packages = ["."]
  pruneopts = "UT"
  revision = "53511d3c733003985b0b76f733df1f4d0095ee6a"

[[projects]]
  digest = "1:0f98f59e9a2f4070d66f0c9c39561f68fcd1dc837b22a852d28d0003aebd1b1e"
  name = "github.com/boltdb/bolt"
  packages = ["."]
  pruneopts = "UT"
  revision = "2f1ce7a837dcb8da3ec595b1dac9d0632f0f99e8"
  version = "v1.3.1"

[[projects]]
  digest = "1:00fb4c713fc1656fbcb4df7739ce0baf87010ce6d0dd568e5d3f0d92ec83ba87"
  name = "github.com/casbin/casbin"
  packages = [
    ".",
    "config",
    "file-adapter",
    "model",
    "persist",
    "rbac",
    "util",
  ]
  pruneopts = "UT"
  revision = "5fac2fc034b56bd112d660901f4f3a7650dee86d"

[[projects]]
  digest = "1:c49642f3dd1cc284ed2494123c62a938471728a137895229335b0d2af955d507"
  name = "github.com/coreos/go-oidc"
  packages = ["."]
  pruneopts = "UT"
  revision = "065b426bd41667456c1a924468f507673629c46b"

[[projects]]
  digest = "1:a2c1d0e43bd3baaa071d1b9ed72c27d78169b2b269f71c105ac4ba34b1be4a39"
  name = "github.com/davecgh/go-spew"
  packages = ["spew"]
  pruneopts = "UT"
  revision = "346938d642f2ec3594ed81d874461961cd0faa76"
  version = "v1.1.0"

[[projects]]
  digest = "1:67dd289d937ca933b3a59d7e05a8522bd207ea9401a28f17e43083b621566403"
  name = "github.com/denisenkom/go-mssqldb"
  packages = ["."]
  pruneopts = "UT"
  revision = "88555645b640cc621e32f8693d7586a1aa1575f4"

[[projects]]
  branch = "master"
  digest = "1:efe7dc6d12119a36c1a617b574e99ac9c5ca8fbff57eb283a60462552b7c782a"
  name = "github.com/dustin/go-jsonpointer"
  packages = ["."]
  pruneopts = "UT"
  revision = "ba0abeacc3dcca5b9b20f31509c46794edbc9965"

[[projects]]
  branch = "master"
  digest = "1:07263fbfa1c038e890b410f730279aa7adc217180f1c2f78c6dc80b3bbe9e819"
  name = "github.com/dustin/gojson"
  packages = ["."]
  pruneopts = "UT"
  revision = "2e71ec9dd5adce3b168cd0dbde03b5cc04951c30"

[[projects]]
  digest = "1:4d64a8deec79ef91e8d9927f27525f4e0ac612d97864cb4473d70df79937b6c0"
  name = "github.com/emirpasic/gods"
  packages = [
    "containers",
    "maps",
    "maps/treemap",
    "sets",
    "sets/hashset",
    "trees",
    "trees/redblacktree",
    "utils",
  ]
  pruneopts = "UT"
  revision = "8a038b010338d247eee30f8b569dbba08bfb1ffa"

[[projects]]
  digest = "1:38c783cf85b9454cc02a1a8319239800ed0af6c1c864adf19cea0539e134adad"
  name = "github.com/fsnotify/fsnotify"
  packages = ["."]
  pruneopts = "UT"
  revision = "4da3e2cfbabc9f751898f250b49f2439785783a1"

[[projects]]
  branch = "master"
  digest = "1:b5cfd8d62c46082a75974f2f5e167c272f7f7d47c7a21caf49b17a45a558a601"
  name = "github.com/garyburd/go-oauth"
  packages = ["oauth"]
  pruneopts = "UT"
  revision = "bca2e7f09a178fd36b034107a00e2323bca6a82e"

[[projects]]
  branch = "master"
  digest = "1:36fe9527deed01d2a317617e59304eb2c4ce9f8a24115bcc5c2e37b3aee5bae4"
  name = "github.com/gin-contrib/sse"
  packages = ["."]
  pruneopts = "UT"
  revision = "22d885f9ecc78bf4ee5d72b937e4bbcdc58e8cae"

[[projects]]
  digest = "1:5ea8685e14b53d5b8a438e31014d6b4d7726c6b7709e1c27be2dbdcfc9bf08f1"
  name = "github.com/gin-gonic/gin"
  packages = [
    "binding",
    "json",
    "render",
  ]
  pruneopts = "UT"
  revision = "76ad15ab32d000115cb7622a8317d7425dfc039c"

[[projects]]
  digest = "1:0a7e6df99476d38950531629638df084a08dda40bdb71f55192d136a872276eb"
  name = "github.com/go-sql-driver/mysql"
  packages = ["."]
  pruneopts = "UT"
  revision = "cd4cb909ce1a31435164be29bf3682031f61539a"

[[projects]]
  digest = "1:87c65b974d235bd9ea3ae6e71059e5204e7f29e3295b84b3c57ca8bc60fd98e2"
  name = "github.com/gogo/protobuf"
  packages = [
    "gogoproto",
    "proto",
    "protoc-gen-gogo/descriptor",
  ]
  pruneopts = "UT"
  revision = "971cbfd2e72b513a28c74af7462aee0800248d69"

[[projects]]
  digest = "1:9b0e71863f18fc5de645a263184c8a6409ae731e847b35b25da4be818f1975fa"
  name = "github.com/golang/protobuf"
  packages = ["proto"]
  pruneopts = "UT"
  revision = "1643683e1b54a9e88ad26d98f81400c8c9d9f4f9"

[[projects]]
  digest = "1:a63cff6b5d8b95638bfe300385d93b2a6d9d687734b863da8e09dc834510a690"
  name = "github.com/google/go-querystring"
  packages = ["query"]
  pruneopts = "UT"
  revision = "53e6ce116135b80d037921a7fdd5138cf32d7a8a"

[[projects]]
  digest = "1:2be5a35f0c5b35162c41bb24971e5dcf6ce825403296ee435429cdcc4e1e847e"
  name = "github.com/hashicorp/go-immutable-radix"
  packages = ["."]
  pruneopts = "UT"
  revision = "27df80928bb34bb1b0d6d0e01b9e679902e7a6b5"
  version = "v1.0.0"

[[projects]]
  branch = "master"
  digest = "1:b8ba23b0b493e601d5ebaf21079bd3433eb304a5d73c0fb40b8aea526e94f46b"
  name = "github.com/hashicorp/go-msgpack"
  packages = ["codec"]
  pruneopts = "UT"
  revision = "fa3f63826f7c23912c15263591e65d54d080b458"

[[projects]]
  digest = "1:67474f760e9ac3799f740db2c489e6423a4cde45520673ec123ac831ad849cb8"
  name = "github.com/hashicorp/golang-lru"
  packages = ["simplelru"]
  pruneopts = "UT"
  revision = "20f1fb78b0740ba8c3cb143a61e86ba5c8669768"
  version = "v0.5.0"

[[projects]]
  digest = "1:b5090146529377f77830ae60f254e37bbf9bb89aac519829405c1ac010d1ec97"
  name = "github.com/hashicorp/hcl"
  packages = [
    ".",
    "hcl/ast",
    "hcl/parser",
    "hcl/scanner",
    "hcl/strconv",
    "hcl/token",
    "json/parser",
    "json/scanner",
    "json/token",
  ]
  pruneopts = "UT"
  revision = "392dba7d905ed5d04a5794ba89f558b27e2ba1ca"

[[projects]]
  digest = "1:56f26733346010e935b1ddb0e1ffa00bb054133b3ddb3f481261d27a7ae914df"
  name = "github.com/hashicorp/raft"
  packages = ["."]
  pruneopts = "UT"
  revision = "6d14f0c70869faabd9e60ba7ed88a6cbbd6a661f"
  version = "v1.0.0"

[[projects]]
  digest = "1:870d441fe217b8e689d7949fef6e43efbc787e50f200cb1e70dbca9204a1d6be"
  name = "github.com/inconshreveable/mousetrap"
  packages = ["."]
  pruneopts = "UT"
  revision = "76626ae9c91c4f2a10f34cad8ce83ea42c93bb75"
  version = "v1.0"

[[projects]]
  digest = "1:7c38fb540a30a8b2e5ba6468e11208b834047d0a88eea3c76d0b0553496ec505"
  name = "github.com/json-iterator/go"
  packages = ["."]
  pruneopts = "UT"
  revision = "aed5a81f09330b8d254a117fb853e2f886f1cb3b"

[[projects]]
  branch = "master"
  digest = "1:c9520bea8f68def5cc86e7ff66add0f631289895f14c567eb05a761bc3704ffc"
  name = "github.com/kat-co/vala"
  packages = ["."]
  pruneopts = "UT"
  revision = "42e1d8b61f12b4fcadea0c062782e466924a3aaa"

[[projects]]
  digest = "1:e5aba4983d6e8cbb6ab532614d8721fb7530920fc0e85432c95a955fcd589310"
  name = "github.com/lib/pq"
  packages = [
    ".",
    "oid",
  ]
  pruneopts = "UT"
  revision = "8837942c3e09574accbc5f150e2c5e057189cace"

[[projects]]
  digest = "1:79c55505b38424ce7dc479e8e0813db40245434db95a5d2e3390bfa24047b43c"
  name = "github.com/magiconair/properties"
  packages = ["."]
  pruneopts = "UT"
  revision = "51463bfca2576e06c62a8504b5c0f06d61312647"

[[projects]]
  digest = "1:d4d17353dbd05cb52a2a52b7fe1771883b682806f68db442b436294926bbfafb"
  name = "github.com/mattn/go-isatty"
  packages = ["."]
  pruneopts = "UT"
  revision = "a5cdd64afdee435007ee3e9f6ed4684af949d568"

[[projects]]
  digest = "1:cdb899c199f907ac9fb50495ec71212c95cb5b0e0a8ee0800da0238036091033"
  name = "github.com/mattn/go-runewidth"
  packages = ["."]
  pruneopts = "UT"
  revision = "ce7b0b5c7b45a81508558cd1dba6bb1e4ddb51bb"
  version = "v0.0.3"

[[projects]]
  digest = "1:3d64942cc75c655215a64496e35a2ca1a30ee0007cd24f41b57631486f3d083c"
  name = "github.com/mitchellh/mapstructure"
  packages = ["."]
  pruneopts = "UT"
  revision = "d0303fe809921458f417bcf828397a65db30a7e4"

[[projects]]
  branch = "master"
  digest = "1:84bd7f8a2e0bcd53ddc33c3b47c34c1fe340c8632cbe928f7f8ae10ec6ecdd62"
  name = "github.com/mohae/deepcopy"
  packages = ["."]
  pruneopts = "UT"
  revision = "c48cc78d482608239f6c4c92a4abd87eb8761c90"

[[projects]]
  digest = "1:c8345cd0f623a01cd4f64c3e9a6af2cd90ee118a775cb6fb3ae939e680ec272b"
  name = "github.com/nats-io/gnatsd"
  packages = [
    "conf",
    "logger",
    "server",
    "server/pse",
    "util",
  ]
  pruneopts = "UT"
  revision = "eed4fbc1458ce110ad1aa1adf904229bc8fda2a7"
  version = "v1.3.0"

[[projects]]
  digest = "1:53caa020dd4a0d34b65e725c3388e5a3b5b20b2863c6caf8c77473f3937f10d9"
  name = "github.com/nats-io/go-nats"
  packages = [
    ".",
    "encoders/builtin",
    "util",
  ]
  pruneopts = "UT"
  revision = "13c7fc7590db68b18f2015600f8765a02d705b5d"
  version = "v1.7.0"

[[projects]]
  digest = "1:cf80370e775e26aa54b8d87304244ad56e19886b422f4ede3bb4aec7ff3f83cc"
  name = "github.com/nats-io/go-nats-streaming"
  packages = [
    ".",
    "pb",
  ]
  pruneopts = "UT"
  revision = "e15a53f85e4932540600a16b56f6c4f65f58176f"
  version = "v0.4.0"

[[projects]]
  digest = "1:44319615147de43e445ba590d8106ecbbde8ac09b7250b3ec26886fabeb93cf0"
  name = "github.com/nats-io/nats-streaming-server"
  packages = [
    "logger",
    "server",
    "spb",
    "stores",
    "util",
  ]
  pruneopts = "UT"
  revision = "7b758bb93407505bc1d0cf26d091fc281d99ca0c"
  version = "v0.11.2"

[[projects]]
  digest = "1:0b5d91120efc54504bc253fda90b08c4be88cd78a4023ef60019e95bb0cdc136"
  name = "github.com/nats-io/nkeys"
  packages = ["."]
  pruneopts = "UT"
  revision = "1546a3320a8f195a5b5c84aef8309377c2e411d5"
  version = "v0.0.2"

[[projects]]
  digest = "1:a7c409b40c7263484cf2cdf8821f88d023e45ce59b7d8ff66eeb902399fe14d4"
  name = "github.com/nats-io/nuid"
  packages = ["."]
  pruneopts = "UT"
  revision = "33c603157d6fd1b0ac2599bcc4a286b36479a06d"

[[projects]]
  digest = "1:958f24c320bddf918a87806e654296c629a36f9f2aa698d355be917f5189aa32"
  name = "github.com/oklog/ulid"
  packages = ["."]
  pruneopts = "UT"
  revision = "eb55c82d96c77e196b269cb2ae3afda150454de7"

[[projects]]
  digest = "1:4daa045e1e1f3e23f4b07db6880cdf9f259dab65312dfe244a878e6070faaf77"
  name = "github.com/olekukonko/tablewriter"
  packages = ["."]
  pruneopts = "UT"
  revision = "d4647c9c7a84d847478d890b816b7d8b62b0b279"

[[projects]]
  digest = "1:b2ee62e09bec113cf086d2ce0769efcc7bf79481aba8373fd8f7884e94df3462"
  name = "github.com/pelletier/go-buffruneio"
  packages = ["."]
  pruneopts = "UT"
  revision = "c37440a7cf42ac63b919c752ca73a85067e05992"
  version = "v0.2.0"

[[projects]]
  digest = "1:071a247ebb2cbeee6583599a9ce89d2fd62c94feead2b97521fc99278963e793"
  name = "github.com/pelletier/go-toml"
  packages = ["."]
  pruneopts = "UT"
  revision = "fe7536c3dee2596cdd23ee9976a17c22bdaae286"

[[projects]]
  digest = "1:cf31692c14422fa27c83a05292eb5cbe0fb2775972e8f1f8446a71549bd8980b"
  name = "github.com/pkg/errors"
  packages = ["."]
  pruneopts = "UT"
  revision = "ba968bfe8b2f7e042a574c888954fccecfa385b4"
  version = "v0.8.1"

[[projects]]
  digest = "1:0028cb19b2e4c3112225cd871870f2d9cf49b9b4276531f03438a88e94be86fe"
  name = "github.com/pmezard/go-difflib"
  packages = ["difflib"]
  pruneopts = "UT"
  revision = "792786c7400a136282c1664665ae0a8db921c6c2"
  version = "v1.0.0"

[[projects]]
  digest = "1:8c79e33850689646138a400c6754c88870d894aec29767a3e08ac41e22c89ad4"
  name = "github.com/pquerna/cachecontrol"
  packages = [
    ".",
    "cacheobject",
  ]
  pruneopts = "UT"
  revision = "0dec1b30a0215bb68605dfc568e8855066c9202d"

[[projects]]
  branch = "master"
  digest = "1:6b2f666ecdbfd7c161ca49de42acd94683da00feae8a31a3416688325fee49fb"
  name = "github.com/robbiet480/go-wordpress"
  packages = ["."]
  pruneopts = "UT"
  revision = "3b8369ffcef39c339f0636c3b12bec8fea0701b7"

[[projects]]
  digest = "1:34bf609f0bc576cd648a993bd711fb9b25f13dcd4ec1d1f5b4137b9d3ed0ff2f"
  name = "github.com/satori/go.uuid"
  packages = ["."]
  pruneopts = "UT"
  revision = "b061729afc07e77a8aa4fad0a2fd840958f1942a"

[[projects]]
  digest = "1:612c049404353b151a3d9fd779b72a0905df1f799056c29202ad84d4fcb1b748"
  name = "github.com/spf13/afero"
  packages = [
    ".",
    "mem",
  ]
  pruneopts = "UT"
  revision = "9be650865eab0c12963d8753212f4f9c66cdcf12"

[[projects]]
  digest = "1:9b28ee2984c69d78afe2ce52b1650ba91a6381f355ff08c1d0e53d9e66bd62fe"
  name = "github.com/spf13/cast"
  packages = ["."]
  pruneopts = "UT"
  revision = "acbeb36b902d72a7a4c18e8f3241075e7ab763e4"
  version = "v1.1.0"

[[projects]]
  digest = "1:aa72c27eaab9bedbbdd34565573bfa8b65b4aba56676276519f10c4d6c3a15bc"
  name = "github.com/spf13/cobra"
  packages = ["."]
  pruneopts = "UT"
  revision = "99b5d838ca16c25cc4944e323684f8415e8b10ba"

[[projects]]
  digest = "1:607ae0f96290fce9070c56c791ac0ad0ac73229aba148aced7bf08d9e273fff5"
  name = "github.com/spf13/jwalterweatherman"
  packages = ["."]
  pruneopts = "UT"
  revision = "0efa5202c04663c757d84f90f5219c1250baf94f"

[[projects]]
  digest = "1:1b21a2b4058a779f290c7341cd93267492e0ecea6c8b54f64a4a5fd7ff131034"
  name = "github.com/spf13/pflag"
  packages = ["."]
  pruneopts = "UT"
  revision = "e57e3eeb33f795204c1ca35f56c44f83227c6e66"
  version = "v1.0.0"

[[projects]]
  digest = "1:49565d32999da090739498f494bbb8202ff5a11067d9eb2b1d618bc02303e698"
  name = "github.com/spf13/viper"
  packages = ["."]
  pruneopts = "UT"
  revision = "c1de95864d73a5465492829d7cb2dd422b19ac96"

[[projects]]
  branch = "master"
  digest = "1:362b269942e8508aed33025593090ad4cdbd9077de4b1cd505e6124728e9e856"
  name = "github.com/ssor/bom"
  packages = ["."]
  pruneopts = "UT"
  revision = "6386211fdfcf24c0bfbdaceafd02849ed9a8a509"

[[projects]]
  digest = "1:9bf0f8c6684cd6cb34d838c6f8a07043d6c48be79ffe271cae99633990f8d786"
  name = "github.com/stretchr/objx"
  packages = ["."]
  pruneopts = "UT"
  revision = "1a9d0bb9f541897e62256577b352fdbc1fb4fd94"

[[projects]]
  digest = "1:2d482289d7123a00548f2c7902120096b300716cb1d06a7c80a3f3df214e5fb0"
  name = "github.com/stretchr/testify"
  packages = [
    ".",
    "assert",
    "http",
    "mock",
    "require",
    "suite",
  ]
  pruneopts = "UT"
  revision = "4d4bfba8f1d1027c4fdbe371823030df51419987"

[[projects]]
  digest = "1:0cbd914eaf24e0ac7a4e3248d8c93dc9e38baca2c32aa90d938055cde0919a10"
  name = "github.com/stvp/rollbar"
  packages = ["."]
  pruneopts = "UT"
  revision = "3eb4713e2655cd1be805795be31b3f85b74b05fd"

[[projects]]
  digest = "1:b251d4413ad3bfa05ef552c851221f022eae7294981014b857ec72f04abc30c4"
  name = "github.com/tomnomnom/linkheader"
  packages = ["."]
  pruneopts = "UT"
  revision = "6c03f819bd09605f1f01b6bfbc452ac1a904dd66"

[[projects]]
  digest = "1:dab6fa1ab6f3d5d265e0a81d6bba5b3bd0b7deff40350a6ed94b492aa9dab667"
  name = "github.com/ugorji/go"
  packages = ["codec"]
  pruneopts = "UT"
  revision = "50189f05eaf5a0c17e5084eb8f7fb91e23699840"

[[projects]]
  branch = "master"
  digest = "1:dd70bca92c5f88f5d6a098eaa570f604d52a460d82b81e1418c9559f6a742612"
  name = "github.com/volatiletech/inflect"
  packages = ["."]
  pruneopts = "UT"
  revision = "e7201282ae8da26cd97aed2e516f75c0bd91bb93"

[[projects]]
  digest = "1:8045cbb8a8d153886c6f8f65bb3d891df33cbdb1bd3ebf00fb398eb820fb984c"
  name = "github.com/volatiletech/sqlboiler"
  packages = [
    "bdb",
    "bdb/drivers",
    "boil",
    "queries",
    "queries/qm",
    "randomize",
    "strmangle",
    "types",
  ]
  pruneopts = "UT"
  revision = "6b95e5d3d7840a737841e2eb446e1c82641f8393"
  version = "v2.6.0"

[[projects]]
  branch = "master"
  digest = "1:7a41fa16f9710740f2ad5110e95b6cd58e809f9069bb2b5a92f40bf0d3a35b4c"
  name = "golang.org/x/crypto"
  packages = [
    "bcrypt",
    "blowfish",
    "ed25519",
    "ed25519/internal/edwards25519",
    "md4",
    "ssh/terminal",
  ]
  pruneopts = "UT"
  revision = "505ab145d0a99da450461ae2c1a9f6cd10d1f447"

[[projects]]
  digest = "1:1d72714d4b0a757f4df15c04f29be5da6fe14cbb19bf5782df22872fc6482473"
  name = "golang.org/x/net"
  packages = [
    "context",
    "context/ctxhttp",
    "html",
    "html/atom",
    "idna",
  ]
  pruneopts = "UT"
  revision = "c7086645de248775cbf2373cf5ca4d2fa664b8c1"

[[projects]]
  digest = "1:522999ed1a8602a3bc6fd20ae47906c6ca440da0a01880e101dad2240eaaa9b1"
  name = "golang.org/x/oauth2"
  packages = [
    ".",
    "internal",
  ]
  pruneopts = "UT"
  revision = "a032972e28060ca4f5644acffae3dfc268cc09db"

[[projects]]
  digest = "1:cda5a7c17e46c3342ce23af3df0b5de2090911d1c76b2a2d698726f873bda446"
  name = "golang.org/x/sys"
  packages = [
    "unix",
    "windows",
    "windows/registry",
    "windows/svc",
    "windows/svc/debug",
    "windows/svc/eventlog",
    "windows/svc/mgr",
  ]
  pruneopts = "UT"
  revision = "fb4cac33e3196ff7f507ab9b2d2a44b0142f5b5a"

[[projects]]
  digest = "1:797f436fe0034c2d8b96aac89a302bdc8387fee2a12a1cb8953684c0bee4444d"
  name = "golang.org/x/text"
  packages = [
    "collate",
    "collate/build",
    "internal/colltab",
    "internal/gen",
    "internal/language",
    "internal/language/compact",
    "internal/tag",
    "internal/triegen",
    "internal/ucd",
    "language",
    "secure/bidirule",
    "transform",
    "unicode/bidi",
    "unicode/cldr",
    "unicode/norm",
    "unicode/rangetable",
    "width",
  ]
  pruneopts = "UT"
  revision = "0605a8320aceb4207a5fb3521281e17ec2075476"

[[projects]]
  digest = "1:a623ed4965cad144a32551cb009b9bad9ad247c22ca1afdd934fc85d0c891f93"
  name = "google.golang.org/appengine"
  packages = [
    "cloudsql",
    "internal",
    "internal/base",
    "internal/datastore",
    "internal/log",
    "internal/remote_api",
    "internal/urlfetch",
    "urlfetch",
  ]
  pruneopts = "UT"
  revision = "4a4468ece617fc8205e99368fa2200e9d1fad421"
  version = "v1.3.0"

[[projects]]
  digest = "1:d00c26e8630a45fcce6f35bf6a4da77871821c82a6508b033d917aef7c1c49a8"
  name = "gopkg.in/gin-contrib/cors.v1"
  packages = ["."]
  pruneopts = "UT"
  revision = "fb918bcd825b9e20f0c3c365981baf9454029b6c"
  version = "v1.1"

[[projects]]
  digest = "1:ab73995c4780183b8922dc9d29cb3da82b0fa71cf728e7ee98306f5c827dfc48"
  name = "gopkg.in/gin-gonic/gin.v1"
  packages = [
    ".",
    "binding",
  ]
  pruneopts = "UT"
  revision = "d459835d2b077e44f7c9b453505ee29881d5d12d"
  version = "v1.2"

[[projects]]
  digest = "1:cbc72c4c4886a918d6ab4b95e347ffe259846260f99ebdd8a198c2331cf2b2e9"
  name = "gopkg.in/go-playground/validator.v8"
  packages = ["."]
  pruneopts = "UT"
  revision = "5f1438d3fca68893a817e4a66806cea46a9e4ebf"
  version = "v8.18.2"

[[projects]]
  digest = "1:01f3ada3e5277440773855a8c2773d811de650d3b479fa5cedc0f5b6704a033c"
  name = "gopkg.in/square/go-jose.v2"
  packages = [
    ".",
    "cipher",
    "json",
  ]
  pruneopts = "UT"
  revision = "f8f38de21b4dcd69d0413faf231983f5fd6634b1"
  version = "v2.1.3"

[[projects]]
  digest = "1:8a1a728f86b71d82c099eebd03bdda5abc089babfaec80954b874921a3743089"
  name = "gopkg.in/volatiletech/null.v6"
  packages = [
    ".",
    "convert",
  ]
  pruneopts = "UT"
  revision = "0bef4e07ae1b27a2a4efa23bbb3006c8c3d2e01d"
  version = "v6.4"

[[projects]]
  digest = "1:6570992c02a2137a20be83990a979b6fe892e20ecdc6b756449989b2a7efb8ae"
  name = "gopkg.in/yaml.v2"
  packages = ["."]
  pruneopts = "UT"
  revision = "eb3733d160e74a9c7e442f435eb3bea458e1d19f"

[[projects]]
  branch = "master"
  digest = "1:8bacc2118e6cc6a207eb144656537ff7ee0397f8bc8c1f7639519b0de2bb949a"
  name = "jaytaylor.com/html2text"
  packages = ["."]
  pruneopts = "UT"
  revision = "57d518f124b0cf46ea2021f25a01396b3522e6fb"

[solve-meta]
  analyzer-name = "dep"
  analyzer-version = 1
  input-imports = [
    "github.com/360EntSecGroup-Skylar/excelize",
    "github.com/ChimeraCoder/anaconda",
    "github.com/PuerkitoBio/purell",
    "github.com/Sirupsen/logrus",
    "github.com/adams-sarah/test2doc/test",
    "github.com/agnivade/levenshtein",
    "github.com/casbin/casbin",
    "github.com/casbin/casbin/model",
    "github.com/casbin/casbin/persist",
    "github.com/coreos/go-oidc",
    "github.com/emirpasic/gods/maps/treemap",
    "github.com/emirpasic/gods/sets/hashset",
    "github.com/emirpasic/gods/utils",
    "github.com/kat-co/vala",
    "github.com/lib/pq",
    "github.com/nats-io/go-nats-streaming",
    "github.com/nats-io/nats-streaming-server/server",
    "github.com/oklog/ulid",
    "github.com/pkg/errors",
    "github.com/robbiet480/go-wordpress",
    "github.com/spf13/cobra",
    "github.com/spf13/viper",
    "github.com/stretchr/testify",
    "github.com/stretchr/testify/suite",
    "github.com/stvp/rollbar",
    "github.com/tomnomnom/linkheader",
    "github.com/volatiletech/sqlboiler/bdb",
    "github.com/volatiletech/sqlboiler/bdb/drivers",
    "github.com/volatiletech/sqlboiler/boil",
    "github.com/volatiletech/sqlboiler/queries",
    "github.com/volatiletech/sqlboiler/queries/qm",
    "github.com/volatiletech/sqlboiler/randomize",
    "github.com/volatiletech/sqlboiler/strmangle",
    "github.com/volatiletech/sqlboiler/types",
    "golang.org/x/net/context",
    "golang.org/x/net/html",
    "golang.org/x/net/html/atom",
    "golang.org/x/oauth2",
    "gopkg.in/gin-contrib/cors.v1",
    "gopkg.in/gin-gonic/gin.v1",
    "gopkg.in/gin-gonic/gin.v1/binding",
    "gopkg.in/go-playground/validator.v8",
    "gopkg.in/volatiletech/null.v6",
    "jaytaylor.com/html2text",
  ]
  solver-name = "gps-cdcl"
  solver-version = 1
